// !$*UTF8*$!
{
	archiveVersion = 1;
	classes = {
	};
	objectVersion = 51;
	objects = {

/* Begin PBXBuildFile section */
		B575D5C386A6551874D97837 /* Pods_Lab4PAM.framework in Frameworks */ = {isa = PBXBuildFile; fileRef = 5BF04804153071A9CA1BD0EF /* Pods_Lab4PAM.framework */; };
		D62AA7AF23AA1F5E00C2270B /* AppDelegate.swift in Sources */ = {isa = PBXBuildFile; fileRef = D62AA7AE23AA1F5E00C2270B /* AppDelegate.swift */; };
		D62AA7B123AA1F5E00C2270B /* SceneDelegate.swift in Sources */ = {isa = PBXBuildFile; fileRef = D62AA7B023AA1F5E00C2270B /* SceneDelegate.swift */; };
		D62AA7B323AA1F5E00C2270B /* ViewController.swift in Sources */ = {isa = PBXBuildFile; fileRef = D62AA7B223AA1F5E00C2270B /* ViewController.swift */; };
		D62AA7B623AA1F5E00C2270B /* Main.storyboard in Resources */ = {isa = PBXBuildFile; fileRef = D62AA7B423AA1F5E00C2270B /* Main.storyboard */; };
		D62AA7B823AA1F6000C2270B /* Assets.xcassets in Resources */ = {isa = PBXBuildFile; fileRef = D62AA7B723AA1F6000C2270B /* Assets.xcassets */; };
		D62AA7BB23AA1F6000C2270B /* LaunchScreen.storyboard in Resources */ = {isa = PBXBuildFile; fileRef = D62AA7B923AA1F6000C2270B /* LaunchScreen.storyboard */; };
		D62AA7C323AA217E00C2270B /* giphy.gif in Resources */ = {isa = PBXBuildFile; fileRef = D62AA7C223AA217D00C2270B /* giphy.gif */; };
/* End PBXBuildFile section */

/* Begin PBXFileReference section */
		0F1A0D9DF94385A631E8FC92 /* Pods-Lab4PAM.release.xcconfig */ = {isa = PBXFileReference; includeInIndex = 1; lastKnownFileType = text.xcconfig; name = "Pods-Lab4PAM.release.xcconfig"; path = "Target Support Files/Pods-Lab4PAM/Pods-Lab4PAM.release.xcconfig"; sourceTree = "<group>"; };
		5751575A13124FB49C182892 /* Pods-Lab4PAM.debug.xcconfig */ = {isa = PBXFileReference; includeInIndex = 1; lastKnownFileType = text.xcconfig; name = "Pods-Lab4PAM.debug.xcconfig"; path = "Target Support Files/Pods-Lab4PAM/Pods-Lab4PAM.debug.xcconfig"; sourceTree = "<group>"; };
		5BF04804153071A9CA1BD0EF /* Pods_Lab4PAM.framework */ = {isa = PBXFileReference; explicitFileType = wrapper.framework; includeInIndex = 0; path = Pods_Lab4PAM.framework; sourceTree = BUILT_PRODUCTS_DIR; };
		D62AA7AB23AA1F5E00C2270B /* Lab4PAM.app */ = {isa = PBXFileReference; explicitFileType = wrapper.application; includeInIndex = 0; path = Lab4PAM.app; sourceTree = BUILT_PRODUCTS_DIR; };
		D62AA7AE23AA1F5E00C2270B /* AppDelegate.swift */ = {isa = PBXFileReference; lastKnownFileType = sourcecode.swift; path = AppDelegate.swift; sourceTree = "<group>"; };
		D62AA7B023AA1F5E00C2270B /* SceneDelegate.swift */ = {isa = PBXFileReference; lastKnownFileType = sourcecode.swift; path = SceneDelegate.swift; sourceTree = "<group>"; };
		D62AA7B223AA1F5E00C2270B /* ViewController.swift */ = {isa = PBXFileReference; lastKnownFileType = sourcecode.swift; path = ViewController.swift; sourceTree = "<group>"; };
		D62AA7B523AA1F5E00C2270B /* Base */ = {isa = PBXFileReference; lastKnownFileType = file.storyboard; name = Base; path = Base.lproj/Main.storyboard; sourceTree = "<group>"; };
		D62AA7B723AA1F6000C2270B /* Assets.xcassets */ = {isa = PBXFileReference; lastKnownFileType = folder.assetcatalog; path = Assets.xcassets; sourceTree = "<group>"; };
		D62AA7BA23AA1F6000C2270B /* Base */ = {isa = PBXFileReference; lastKnownFileType = file.storyboard; name = Base; path = Base.lproj/LaunchScreen.storyboard; sourceTree = "<group>"; };
		D62AA7BC23AA1F6000C2270B /* Info.plist */ = {isa = PBXFileReference; lastKnownFileType = text.plist.xml; path = Info.plist; sourceTree = "<group>"; };
		D62AA7C223AA217D00C2270B /* giphy.gif */ = {isa = PBXFileReference; lastKnownFileType = image.gif; path = giphy.gif; sourceTree = "<group>"; };
/* End PBXFileReference section */

/* Begin PBXFrameworksBuildPhase section */
		D62AA7A823AA1F5E00C2270B /* Frameworks */ = {
			isa = PBXFrameworksBuildPhase;
			buildActionMask = 2147483647;
			files = (
				B575D5C386A6551874D97837 /* Pods_Lab4PAM.framework in Frameworks */,
			);
			runOnlyForDeploymentPostprocessing = 0;
		};
/* End PBXFrameworksBuildPhase section */

/* Begin PBXGroup section */
		1725B1DC32D9F020569BFE77 /* Pods */ = {
			isa = PBXGroup;
			children = (
				5751575A13124FB49C182892 /* Pods-Lab4PAM.debug.xcconfig */,
				0F1A0D9DF94385A631E8FC92 /* Pods-Lab4PAM.release.xcconfig */,
			);
			path = Pods;
			sourceTree = "<group>";
		};
		400A1B34C8F0B57D0250B2CC /* Frameworks */ = {
			isa = PBXGroup;
			children = (
				5BF04804153071A9CA1BD0EF /* Pods_Lab4PAM.framework */,
			);
			name = Frameworks;
			sourceTree = "<group>";
		};
		D62AA7A223AA1F5E00C2270B = {
			isa = PBXGroup;
			children = (
				D62AA7AD23AA1F5E00C2270B /* Lab4PAM */,
				D62AA7AC23AA1F5E00C2270B /* Products */,
				1725B1DC32D9F020569BFE77 /* Pods */,
				400A1B34C8F0B57D0250B2CC /* Frameworks */,
			);
			sourceTree = "<group>";
		};
		D62AA7AC23AA1F5E00C2270B /* Products */ = {
			isa = PBXGroup;
			children = (
				D62AA7AB23AA1F5E00C2270B /* Lab4PAM.app */,
			);
			name = Products;
			sourceTree = "<group>";
		};
		D62AA7AD23AA1F5E00C2270B /* Lab4PAM */ = {
			isa = PBXGroup;
			children = (
				D62AA7AE23AA1F5E00C2270B /* AppDelegate.swift */,
				D62AA7B023AA1F5E00C2270B /* SceneDelegate.swift */,
				D62AA7B223AA1F5E00C2270B /* ViewController.swift */,
				D62AA7B423AA1F5E00C2270B /* Main.storyboard */,
				D62AA7C223AA217D00C2270B /* giphy.gif */,
				D62AA7B723AA1F6000C2270B /* Assets.xcassets */,
				D62AA7B923AA1F6000C2270B /* LaunchScreen.storyboard */,
				D62AA7BC23AA1F6000C2270B /* Info.plist */,
			);
			path = Lab4PAM;
			sourceTree = "<group>";
		};
/* End PBXGroup section */

/* Begin PBXNativeTarget section */
		D62AA7AA23AA1F5E00C2270B /* Lab4PAM */ = {
			isa = PBXNativeTarget;
			buildConfigurationList = D62AA7BF23AA1F6000C2270B /* Build configuration list for PBXNativeTarget "Lab4PAM" */;
			buildPhases = (
				948381FF9683E26225779208 /* [CP] Check Pods Manifest.lock */,
				D62AA7A723AA1F5E00C2270B /* Sources */,
				D62AA7A823AA1F5E00C2270B /* Frameworks */,
				D62AA7A923AA1F5E00C2270B /* Resources */,
				D66C46CF7880563B406779EA /* [CP] Embed Pods Frameworks */,
			);
			buildRules = (
			);
			dependencies = (
			);
			name = Lab4PAM;
			productName = Lab4PAM;
			productReference = D62AA7AB23AA1F5E00C2270B /* Lab4PAM.app */;
			productType = "com.apple.product-type.application";
		};
/* End PBXNativeTarget section */

/* Begin PBXProject section */
		D62AA7A323AA1F5E00C2270B /* Project object */ = {
			isa = PBXProject;
			attributes = {
				LastSwiftUpdateCheck = 1130;
				LastUpgradeCheck = 1130;
				ORGANIZATIONNAME = "Cristian Bularu";
				TargetAttributes = {
					D62AA7AA23AA1F5E00C2270B = {
						CreatedOnToolsVersion = 11.3;
					};
				};
			};
			buildConfigurationList = D62AA7A623AA1F5E00C2270B /* Build configuration list for PBXProject "Lab4PAM" */;
			compatibilityVersion = "Xcode 9.3";
			developmentRegion = en;
			hasScannedForEncodings = 0;
			knownRegions = (
				en,
				Base,
			);
			mainGroup = D62AA7A223AA1F5E00C2270B;
			productRefGroup = D62AA7AC23AA1F5E00C2270B /* Products */;
			projectDirPath = "";
			projectRoot = "";
			targets = (
				D62AA7AA23AA1F5E00C2270B /* Lab4PAM */,
			);
		};
/* End PBXProject section */

/* Begin PBXResourcesBuildPhase section */
		D62AA7A923AA1F5E00C2270B /* Resources */ = {
			isa = PBXResourcesBuildPhase;
			buildActionMask = 2147483647;
			files = (
				D62AA7BB23AA1F6000C2270B /* LaunchScreen.storyboard in Resources */,
				D62AA7B823AA1F6000C2270B /* Assets.xcassets in Resources */,
				D62AA7C323AA217E00C2270B /* giphy.gif in Resources */,
				D62AA7B623AA1F5E00C2270B /* Main.storyboard in Resources */,
			);
			runOnlyForDeploymentPostprocessing = 0;
		};
/* End PBXResourcesBuildPhase section */

/* Begin PBXShellScriptBuildPhase section */
		948381FF9683E26225779208 /* [CP] Check Pods Manifest.lock */ = {
			isa = PBXShellScriptBuildPhase;
			buildActionMask = 2147483647;
			files = (
			);
			inputFileListPaths = (
			);
			inputPaths = (
				"${PODS_PODFILE_DIR_PATH}/Podfile.lock",
				"${PODS_ROOT}/Manifest.lock",
			);
			name = "[CP] Check Pods Manifest.lock";
			outputFileListPaths = (
			);
			outputPaths = (
				"$(DERIVED_FILE_DIR)/Pods-Lab4PAM-checkManifestLockResult.txt",
			);
			runOnlyForDeploymentPostprocessing = 0;
			shellPath = /bin/sh;
			shellScript = "diff \"${PODS_PODFILE_DIR_PATH}/Podfile.lock\" \"${PODS_ROOT}/Manifest.lock\" > /dev/null\nif [ $? != 0 ] ; then\n    # print error to STDERR\n    echo \"error: The sandbox is not in sync with the Podfile.lock. Run 'pod install' or update your CocoaPods installation.\" >&2\n    exit 1\nfi\n# This output is used by Xcode 'outputs' to avoid re-running this script phase.\necho \"SUCCESS\" > \"${SCRIPT_OUTPUT_FILE_0}\"\n";
			showEnvVarsInLog = 0;
		};
		D66C46CF7880563B406779EA /* [CP] Embed Pods Frameworks */ = {
			isa = PBXShellScriptBuildPhase;
			buildActionMask = 2147483647;
			files = (
			);
			inputFileListPaths = (
				"${PODS_ROOT}/Target Support Files/Pods-Lab4PAM/Pods-Lab4PAM-frameworks-${CONFIGURATION}-input-files.xcfilelist",
			);
			name = "[CP] Embed Pods Frameworks";
			outputFileListPaths = (
				"${PODS_ROOT}/Target Support Files/Pods-Lab4PAM/Pods-Lab4PAM-frameworks-${CONFIGURATION}-output-files.xcfilelist",
			);
			runOnlyForDeploymentPostprocessing = 0;
			shellPath = /bin/sh;
			shellScript = "\"${PODS_ROOT}/Target Support Files/Pods-Lab4PAM/Pods-Lab4PAM-frameworks.sh\"\n";
			showEnvVarsInLog = 0;
		};
/* End PBXShellScriptBuildPhase section */

/* Begin PBXSourcesBuildPhase section */
		D62AA7A723AA1F5E00C2270B /* Sources */ = {
			isa = PBXSourcesBuildPhase;
			buildActionMask = 2147483647;
			files = (
				D62AA7B323AA1F5E00C2270B /* ViewController.swift in Sources */,
				D62AA7AF23AA1F5E00C2270B /* AppDelegate.swift in Sources */,
				D62AA7B123AA1F5E00C2270B /* SceneDelegate.swift in Sources */,
			);
			runOnlyForDeploymentPostprocessing = 0;
		};
/* End PBXSourcesBuildPhase section */

/* Begin PBXVariantGroup section */
		D62AA7B423AA1F5E00C2270B /* Main.storyboard */ = {
			isa = PBXVariantGroup;
			children = (
				D62AA7B523AA1F5E00C2270B /* Base */,
			);
			name = Main.storyboard;
			sourceTree = "<group>";
		};
		D62AA7B923AA1F6000C2270B /* LaunchScreen.storyboard */ = {
			isa = PBXVariantGroup;
			children = (
				D62AA7BA23AA1F6000C2270B /* Base */,
			);
			name = LaunchScreen.storyboard;
			sourceTree = "<group>";
		};
/* End PBXVariantGroup section */

/* Begin XCBuildConfiguration section */
		D62AA7BD23AA1F6000C2270B /* Debug */ = {
			isa = XCBuildConfiguration;
			buildSettings = {
				ALWAYS_SEARCH_USER_PATHS = NO;
				CLANG_ANALYZER_NONNULL = YES;
				CLANG_ANALYZER_NUMBER_OBJECT_CONVERSION = YES_AGGRESSIVE;
				CLANG_CXX_LANGUAGE_STANDARD = "gnu++14";
				CLANG_CXX_LIBRARY = "libc++";
				CLANG_ENABLE_MODULES = YES;
				CLANG_ENABLE_OBJC_ARC = YES;
				CLANG_ENABLE_OBJC_WEAK = YES;
				CLANG_WARN_BLOCK_CAPTURE_AUTORELEASING = YES;
				CLANG_WARN_BOOL_CONVERSION = YES;
				CLANG_WARN_COMMA = YES;
				CLANG_WARN_CONSTANT_CONVERSION = YES;
				CLANG_WARN_DEPRECATED_OBJC_IMPLEMENTATIONS = YES;
				CLANG_WARN_DIRECT_OBJC_ISA_USAGE = YES_ERROR;
				CLANG_WARN_DOCUMENTATION_COMMENTS = YES;
				CLANG_WARN_EMPTY_BODY = YES;
				CLANG_WARN_ENUM_CONVERSION = YES;
				CLANG_WARN_INFINITE_RECURSION = YES;
				CLANG_WARN_INT_CONVERSION = YES;
				CLANG_WARN_NON_LITERAL_NULL_CONVERSION = YES;
				CLANG_WARN_OBJC_IMPLICIT_RETAIN_SELF = YES;
				CLANG_WARN_OBJC_LITERAL_CONVERSION = YES;
				CLANG_WARN_OBJC_ROOT_CLASS = YES_ERROR;
				CLANG_WARN_RANGE_LOOP_ANALYSIS = YES;
				CLANG_WARN_STRICT_PROTOTYPES = YES;
				CLANG_WARN_SUSPICIOUS_MOVE = YES;
				CLANG_WARN_UNGUARDED_AVAILABILITY = YES_AGGRESSIVE;
				CLANG_WARN_UNREACHABLE_CODE = YES;
				CLANG_WARN__DUPLICATE_METHOD_MATCH = YES;
				COPY_PHASE_STRIP = NO;
				DEBUG_INFORMATION_FORMAT = dwarf;
				ENABLE_STRICT_OBJC_MSGSEND = YES;
				ENABLE_TESTABILITY = YES;
				GCC_C_LANGUAGE_STANDARD = gnu11;
				GCC_DYNAMIC_NO_PIC = NO;
				GCC_NO_COMMON_BLOCKS = YES;
				GCC_OPTIMIZATION_LEVEL = 0;
				GCC_PREPROCESSOR_DEFINITIONS = (
					"DEBUG=1",
					"$(inherited)",
				);
				GCC_WARN_64_TO_32_BIT_CONVERSION = YES;
				GCC_WARN_ABOUT_RETURN_TYPE = YES_ERROR;
				GCC_WARN_UNDECLARED_SELECTOR = YES;
				GCC_WARN_UNINITIALIZED_AUTOS = YES_AGGRESSIVE;
				GCC_WARN_UNUSED_FUNCTION = YES;
				GCC_WARN_UNUSED_VARIABLE = YES;
				IPHONEOS_DEPLOYMENT_TARGET = 13.2;
				MTL_ENABLE_DEBUG_INFO = INCLUDE_SOURCE;
				MTL_FAST_MATH = YES;
				ONLY_ACTIVE_ARCH = YES;
				SDKROOT = iphoneos;
				SWIFT_ACTIVE_COMPILATION_CONDITIONS = DEBUG;
				SWIFT_OPTIMIZATION_LEVEL = "-Onone";
			};
			name = Debug;
		};
		D62AA7BE23AA1F6000C2270B /* Release */ = {
			isa = XCBuildConfiguration;
			buildSettings = {
				ALWAYS_SEARCH_USER_PATHS = NO;
				CLANG_ANALYZER_NONNULL = YES;
				CLANG_ANALYZER_NUMBER_OBJECT_CONVERSION = YES_AGGRESSIVE;
				CLANG_CXX_LANGUAGE_STANDARD = "gnu++14";
				CLANG_CXX_LIBRARY = "libc++";
				CLANG_ENABLE_MODULES = YES;
				CLANG_ENABLE_OBJC_ARC = YES;
				CLANG_ENABLE_OBJC_WEAK = YES;
				CLANG_WARN_BLOCK_CAPTURE_AUTORELEASING = YES;
				CLANG_WARN_BOOL_CONVERSION = YES;
				CLANG_WARN_COMMA = YES;
				CLANG_WARN_CONSTANT_CONVERSION = YES;
				CLANG_WARN_DEPRECATED_OBJC_IMPLEMENTATIONS = YES;
				CLANG_WARN_DIRECT_OBJC_ISA_USAGE = YES_ERROR;
				CLANG_WARN_DOCUMENTATION_COMMENTS = YES;
				CLANG_WARN_EMPTY_BODY = YES;
				CLANG_WARN_ENUM_CONVERSION = YES;
				CLANG_WARN_INFINITE_RECURSION = YES;
				CLANG_WARN_INT_CONVERSION = YES;
				CLANG_WARN_NON_LITERAL_NULL_CONVERSION = YES;
				CLANG_WARN_OBJC_IMPLICIT_RETAIN_SELF = YES;
				CLANG_WARN_OBJC_LITERAL_CONVERSION = YES;
				CLANG_WARN_OBJC_ROOT_CLASS = YES_ERROR;
				CLANG_WARN_RANGE_LOOP_ANALYSIS = YES;
				CLANG_WARN_STRICT_PROTOTYPES = YES;
				CLANG_WARN_SUSPICIOUS_MOVE = YES;
				CLANG_WARN_UNGUARDED_AVAILABILITY = YES_AGGRESSIVE;
				CLANG_WARN_UNREACHABLE_CODE = YES;
				CLANG_WARN__DUPLICATE_METHOD_MATCH = YES;
				COPY_PHASE_STRIP = NO;
				DEBUG_INFORMATION_FORMAT = "dwarf-with-dsym";
				ENABLE_NS_ASSERTIONS = NO;
				ENABLE_STRICT_OBJC_MSGSEND = YES;
				GCC_C_LANGUAGE_STANDARD = gnu11;
				GCC_NO_COMMON_BLOCKS = YES;
				GCC_WARN_64_TO_32_BIT_CONVERSION = YES;
				GCC_WARN_ABOUT_RETURN_TYPE = YES_ERROR;
				GCC_WARN_UNDECLARED_SELECTOR = YES;
				GCC_WARN_UNINITIALIZED_AUTOS = YES_AGGRESSIVE;
				GCC_WARN_UNUSED_FUNCTION = YES;
				GCC_WARN_UNUSED_VARIABLE = YES;
				IPHONEOS_DEPLOYMENT_TARGET = 13.2;
				MTL_ENABLE_DEBUG_INFO = NO;
				MTL_FAST_MATH = YES;
				SDKROOT = iphoneos;
				SWIFT_COMPILATION_MODE = wholemodule;
				SWIFT_OPTIMIZATION_LEVEL = "-O";
				VALIDATE_PRODUCT = YES;
			};
			name = Release;
		};
		D62AA7C023AA1F6000C2270B /* Debug */ = {
			isa = XCBuildConfiguration;
			baseConfigurationReference = 5751575A13124FB49C182892 /* Pods-Lab4PAM.debug.xcconfig */;
			buildSettings = {
				ASSETCATALOG_COMPILER_APPICON_NAME = AppIcon;
				CODE_SIGN_STYLE = Automatic;
				DEVELOPMENT_TEAM = 9RF92UU5M5;
				INFOPLIST_FILE = Lab4PAM/Info.plist;
				LD_RUNPATH_SEARCH_PATHS = (
					"$(inherited)",
					"@executable_path/Frameworks",
				);
				PRODUCT_BUNDLE_IDENTIFIER = Age.Lab4PAM;
				PRODUCT_NAME = "$(TARGET_NAME)";
				SWIFT_VERSION = 5.0;
				TARGETED_DEVICE_FAMILY = "1,2";
			};
			name = Debug;
		};
		D62AA7C123AA1F6000C2270B /* Release */ = {
			isa = XCBuildConfiguration;
			baseConfigurationReference = 0F1A0D9DF94385A631E8FC92 /* Pods-Lab4PAM.release.xcconfig */;
			buildSettings = {
				ASSETCATALOG_COMPILER_APPICON_NAME = AppIcon;
				CODE_SIGN_STYLE = Automatic;
				DEVELOPMENT_TEAM = 9RF92UU5M5;
				INFOPLIST_FILE = Lab4PAM/Info.plist;
				LD_RUNPATH_SEARCH_PATHS = (
					"$(inherited)",
					"@executable_path/Frameworks",
				);
				PRODUCT_BUNDLE_IDENTIFIER = Age.Lab4PAM;
				PRODUCT_NAME = "$(TARGET_NAME)";
				SWIFT_VERSION = 5.0;
				TARGETED_DEVICE_FAMILY = "1,2";
			};
			name = Release;
		};
/* End XCBuildConfiguration section */

/* Begin XCConfigurationList section */
		D62AA7A623AA1F5E00C2270B /* Build configuration list for PBXProject "Lab4PAM" */ = {
			isa = XCConfigurationList;
			buildConfigurations = (
				D62AA7BD23AA1F6000C2270B /* Debug */,
				D62AA7BE23AA1F6000C2270B /* Release */,
			);
			defaultConfigurationIsVisible = 0;
			defaultConfigurationName = Release;
		};
		D62AA7BF23AA1F6000C2270B /* Build configuration list for PBXNativeTarget "Lab4PAM" */ = {
			isa = XCConfigurationList;
			buildConfigurations = (
				D62AA7C023AA1F6000C2270B /* Debug */,
				D62AA7C123AA1F6000C2270B /* Release */,
			);
			defaultConfigurationIsVisible = 0;
			defaultConfigurationName = Release;
		};
/* End XCConfigurationList section */
	};
	rootObject = D62AA7A323AA1F5E00C2270B /* Project object */;
}
